
Microsoft Visual Studio Solution File, Format Version 12.00
# Visual Studio 2013
VisualStudioVersion = 12.0.30723.0
MinimumVisualStudioVersion = 10.0.40219.1
Project("{FAE04EC0-301F-11D3-BF4B-00C04F79EFBC}") = "RayTracerCore", "RayTracerCore\RayTracerCore.csproj", "{64A9AEEF-3826-4AAC-A19B-4E423D555839}"
EndProject
Project("{FAE04EC0-301F-11D3-BF4B-00C04F79EFBC}") = "RayTracer", "RayTracerApp\RayTracer.csproj", "{BBDB259D-C849-479B-8DAB-9E1394D4F84C}"
EndProject
Global
	GlobalSection(SolutionConfigurationPlatforms) = preSolution
		Debug|Any CPU = Debug|Any CPU
		Release|Any CPU = Release|Any CPU
	EndGlobalSection
	GlobalSection(ProjectConfigurationPlatforms) = postSolution
		{64A9AEEF-3826-4AAC-A19B-4E423D555839}.Debug|Any CPU.ActiveCfg = Debug|Any CPU
		{64A9AEEF-3826-4AAC-A19B-4E423D555839}.Debug|Any CPU.Build.0 = Debug|Any CPU
		{64A9AEEF-3826-4AAC-A19B-4E423D555839}.Release|Any CPU.ActiveCfg = Release|Any CPU
		{64A9AEEF-3826-4AAC-A19B-4E423D555839}.Release|Any CPU.Build.0 = Release|Any CPU
		{BBDB259D-C849-479B-8DAB-9E1394D4F84C}.Debug|Any CPU.ActiveCfg = Debug|Any CPU
		{BBDB259D-C849-479B-8DAB-9E1394D4F84C}.Debug|Any CPU.Build.0 = Debug|Any CPU
		{BBDB259D-C849-479B-8DAB-9E1394D4F84C}.Release|Any CPU.ActiveCfg = Release|Any CPU
		{BBDB259D-C849-479B-8DAB-9E1394D4F84C}.Release|Any CPU.Build.0 = Release|Any CPU
	EndGlobalSection
	GlobalSection(SolutionProperties) = preSolution
		HideSolutionNode = FALSE
	EndGlobalSection
EndGlobal
